{
  "name": "pipeline-gen",
  "version": "1.0.0",
  "lockfileVersion": 3,
  "requires": true,
  "packages": {
    "": {
      "name": "pipeline-gen",
      "version": "1.0.0",
      "license": "ISC",
      "dependencies": {
        "@huggingface/inference": "^4.13.4"
      }
    },
    "node_modules/@huggingface/inference": {
      "version": "4.13.4",
      "resolved": "https://registry.npmjs.org/@huggingface/inference/-/inference-4.13.4.tgz",
      "integrity": "sha512-1G6jBDYLAZw7oNrJdMp+0/CafeoNaCLzrDd9fYSX3nhjzMuyWIPZ/MtP5EwXdC0htlFPx+R6JGqPhctAalQO+w==",
      "dependencies": {
        "@huggingface/jinja": "^0.5.1",
        "@huggingface/tasks": "^0.19.65"
      },
      "engines": {
        "node": ">=18"
      }
    },
    "node_modules/@huggingface/jinja": {
      "version": "0.5.3",
      "resolved": "https://registry.npmjs.org/@huggingface/jinja/-/jinja-0.5.3.tgz",
      "integrity": "sha512-asqfZ4GQS0hD876Uw4qiUb7Tr/V5Q+JZuo2L+BtdrD4U40QU58nIRq3ZSgAzJgT874VLjhGVacaYfrdpXtEvtA==",
      "engines": {
        "node": ">=18"
      }
    },
    "node_modules/@huggingface/tasks": {
      "version": "0.19.66",
      "resolved": "https://registry.npmjs.org/@huggingface/tasks/-/tasks-0.19.66.tgz",
      "integrity": "sha512-cj3+pAxyMWRZXepxdgVUUrlbLVhSD7+G6lt/HI7GKUo8pOdsre4CWVcu+4AXptY9btaCqyBGzTOCD7Ve2OtTfw=="
    }
  }
}
